
Microsoft Visual Studio Solution File, Format Version 12.00
# Visual Studio Version 17
VisualStudioVersion = 17.3.32929.385
MinimumVisualStudioVersion = 10.0.40219.1
Project("{2150E333-8FDC-42A3-9474-1A3956D46DE8}") = "Worker", "Worker", "{E280BE61-CDAF-4FE3-A434-F802735FEA7C}"
EndProject
Project("{FAE04EC0-301F-11D3-BF4B-00C04F79EFBC}") = "WorkerServiceExample", "WorkerServiceExample\WorkerServiceExample.csproj", "{DCC76138-B20B-49BF-BF88-6DD9B5F63F24}"
EndProject
Global
	GlobalSection(SolutionConfigurationPlatforms) = preSolution
		Debug|Any CPU = Debug|Any CPU
		Release|Any CPU = Release|Any CPU
	EndGlobalSection
	GlobalSection(ProjectConfigurationPlatforms) = postSolution
		{DCC76138-B20B-49BF-BF88-6DD9B5F63F24}.Debug|Any CPU.ActiveCfg = Debug|Any CPU
		{DCC76138-B20B-49BF-BF88-6DD9B5F63F24}.Debug|Any CPU.Build.0 = Debug|Any CPU
		{DCC76138-B20B-49BF-BF88-6DD9B5F63F24}.Release|Any CPU.ActiveCfg = Release|Any CPU
		{DCC76138-B20B-49BF-BF88-6DD9B5F63F24}.Release|Any CPU.Build.0 = Release|Any CPU
	EndGlobalSection
	GlobalSection(SolutionProperties) = preSolution
		HideSolutionNode = FALSE
	EndGlobalSection
	GlobalSection(NestedProjects) = preSolution
		{DCC76138-B20B-49BF-BF88-6DD9B5F63F24} = {E280BE61-CDAF-4FE3-A434-F802735FEA7C}
	EndGlobalSection
	GlobalSection(ExtensibilityGlobals) = postSolution
		SolutionGuid = {5343A396-9F2C-44CD-B835-BA7CFCF195C7}
	EndGlobalSection
EndGlobal
